
Microsoft Visual Studio Solution File, Format Version 12.00
# Visual Studio Version 16
VisualStudioVersion = 16.0.30309.148
MinimumVisualStudioVersion = 10.0.40219.1
Project("{26EF021E-AD38-4F0F-A76D-922A07E1566D}") = "Azure.ResourceManager.PlaywrightTesting", "src\Azure.ResourceManager.PlaywrightTesting.csproj", "{CA3BD60C-9C9F-405C-A4A6-043BE895C3B0}"
EndProject
Project("{26EF021E-AD38-4F0F-A76D-922A07E1566D}") = "Azure.ResourceManager.PlaywrightTesting.Tests", "tests\Azure.ResourceManager.PlaywrightTesting.Tests.csproj", "{38D1D570-C052-481C-A242-A806FACBA94B}"
EndProject
Project("{26EF021E-AD38-4F0F-A76D-922A07E1566D}") = "Azure.ResourceManager.PlaywrightTesting.Samples", "samples\Azure.ResourceManager.PlaywrightTesting.Samples.csproj", "{CB53DEC4-A931-4669-8365-D460F621CF73}"
EndProject
Global
	GlobalSection(SolutionProperties) = preSolution
		HideSolutionNode = FALSE
	EndGlobalSection
	GlobalSection(ExtensibilityGlobals) = postSolution
		SolutionGuid = {37FC5BFF-2375-499E-8087-FEEA0C24838B}
	EndGlobalSection
	GlobalSection(SolutionConfigurationPlatforms) = preSolution
		Debug|Any CPU = Debug|Any CPU
		Debug|x64 = Debug|x64
		Debug|x86 = Debug|x86
		Release|Any CPU = Release|Any CPU
		Release|x64 = Release|x64
		Release|x86 = Release|x86
	EndGlobalSection
	GlobalSection(ProjectConfigurationPlatforms) = postSolution
		{CA3BD60C-9C9F-405C-A4A6-043BE895C3B0}.Debug|Any CPU.ActiveCfg = Debug|Any CPU
		{CA3BD60C-9C9F-405C-A4A6-043BE895C3B0}.Debug|Any CPU.Build.0 = Debug|Any CPU
		{CA3BD60C-9C9F-405C-A4A6-043BE895C3B0}.Debug|x64.ActiveCfg = Debug|Any CPU
		{CA3BD60C-9C9F-405C-A4A6-043BE895C3B0}.Debug|x64.Build.0 = Debug|Any CPU
		{CA3BD60C-9C9F-405C-A4A6-043BE895C3B0}.Debug|x86.ActiveCfg = Debug|Any CPU
		{CA3BD60C-9C9F-405C-A4A6-043BE895C3B0}.Debug|x86.Build.0 = Debug|Any CPU
		{CA3BD60C-9C9F-405C-A4A6-043BE895C3B0}.Release|Any CPU.ActiveCfg = Release|Any CPU
		{CA3BD60C-9C9F-405C-A4A6-043BE895C3B0}.Release|Any CPU.Build.0 = Release|Any CPU
		{CA3BD60C-9C9F-405C-A4A6-043BE895C3B0}.Release|x64.ActiveCfg = Release|Any CPU
		{CA3BD60C-9C9F-405C-A4A6-043BE895C3B0}.Release|x64.Build.0 = Release|Any CPU
		{CA3BD60C-9C9F-405C-A4A6-043BE895C3B0}.Release|x86.ActiveCfg = Release|Any CPU
		{CA3BD60C-9C9F-405C-A4A6-043BE895C3B0}.Release|x86.Build.0 = Release|Any CPU
		{38D1D570-C052-481C-A242-A806FACBA94B}.Debug|Any CPU.ActiveCfg = Debug|Any CPU
		{38D1D570-C052-481C-A242-A806FACBA94B}.Debug|Any CPU.Build.0 = Debug|Any CPU
		{38D1D570-C052-481C-A242-A806FACBA94B}.Debug|x64.ActiveCfg = Debug|Any CPU
		{38D1D570-C052-481C-A242-A806FACBA94B}.Debug|x64.Build.0 = Debug|Any CPU
		{38D1D570-C052-481C-A242-A806FACBA94B}.Debug|x86.ActiveCfg = Debug|Any CPU
		{38D1D570-C052-481C-A242-A806FACBA94B}.Debug|x86.Build.0 = Debug|Any CPU
		{38D1D570-C052-481C-A242-A806FACBA94B}.Release|Any CPU.ActiveCfg = Release|Any CPU
		{38D1D570-C052-481C-A242-A806FACBA94B}.Release|Any CPU.Build.0 = Release|Any CPU
		{38D1D570-C052-481C-A242-A806FACBA94B}.Release|x64.ActiveCfg = Release|Any CPU
		{38D1D570-C052-481C-A242-A806FACBA94B}.Release|x64.Build.0 = Release|Any CPU
		{38D1D570-C052-481C-A242-A806FACBA94B}.Release|x86.ActiveCfg = Release|Any CPU
		{38D1D570-C052-481C-A242-A806FACBA94B}.Release|x86.Build.0 = Release|Any CPU
		{CB53DEC4-A931-4669-8365-D460F621CF73}.Debug|Any CPU.ActiveCfg = Debug|Any CPU
		{CB53DEC4-A931-4669-8365-D460F621CF73}.Debug|Any CPU.Build.0 = Debug|Any CPU
		{CB53DEC4-A931-4669-8365-D460F621CF73}.Debug|x64.ActiveCfg = Debug|Any CPU
		{CB53DEC4-A931-4669-8365-D460F621CF73}.Debug|x64.Build.0 = Debug|Any CPU
		{CB53DEC4-A931-4669-8365-D460F621CF73}.Debug|x86.ActiveCfg = Debug|Any CPU
		{CB53DEC4-A931-4669-8365-D460F621CF73}.Debug|x86.Build.0 = Debug|Any CPU
		{CB53DEC4-A931-4669-8365-D460F621CF73}.Release|Any CPU.ActiveCfg = Release|Any CPU
		{CB53DEC4-A931-4669-8365-D460F621CF73}.Release|Any CPU.Build.0 = Release|Any CPU
		{CB53DEC4-A931-4669-8365-D460F621CF73}.Release|x64.ActiveCfg = Release|Any CPU
		{CB53DEC4-A931-4669-8365-D460F621CF73}.Release|x64.Build.0 = Release|Any CPU
		{CB53DEC4-A931-4669-8365-D460F621CF73}.Release|x86.ActiveCfg = Release|Any CPU
		{CB53DEC4-A931-4669-8365-D460F621CF73}.Release|x86.Build.0 = Release|Any CPU
	EndGlobalSection
EndGlobal
